# 运行时依赖锁（修改方案 V2 §5.1）：完整固定依赖树。
# 生成方式：在既有镜像内 pip freeze，再剔除仅测试用途的包闭包
#（pytest/pytest-asyncio/httpx 及其独占依赖 iniconfig/pluggy/httpcore/h11）。
# 升级依赖时重新生成并全量回归：docker run --rm --entrypoint sh intent-router-studio:latest -c 'pip freeze'
Jinja2==3.1.6
Mako==1.4.1
MarkupSafe==3.0.3
PyYAML==6.0.3
Pygments==2.21.0
SQLAlchemy==2.0.52
accelerate==1.14.0
aiohappyeyeballs==2.7.1
aiohttp==3.14.3
aiosignal==1.4.0
alembic==1.19.1
annotated-doc==0.0.5
annotated-types==0.8.0
anyio==4.14.2
attrs==26.1.0
certifi==2026.7.22
cffi==2.1.1
charset-normalizer==3.5.1
click==8.4.2
cryptography==50.0.1
datasets==5.0.1
dill==0.4.1
et_xmlfile==2.0.0
evaluate==0.4.6
fastapi==0.141.1
filelock==3.32.4
frozenlist==1.8.0
fsspec==2026.6.0
greenlet==3.5.5
h11==0.16.0
hf-xet==1.6.0
httpcore==1.0.9
httptools==0.8.0
httpx==0.28.1
huggingface_hub==0.36.2
idna==3.19
joblib==1.5.3
mpmath==1.3.0
multidict==6.7.1
multiprocess==0.70.19
narwhals==2.25.0
networkx==3.6.1
numpy==2.4.6
openpyxl==3.1.5
packaging==26.3
pandas==3.0.5
propcache==0.5.2
psutil==7.2.2
pyarrow==25.0.1
pycparser==3.0
pydantic-settings==2.15.0
pydantic==2.13.4
pydantic_core==2.46.4
python-dateutil==2.9.0.post0
python-dotenv==1.2.3
python-multipart==0.0.32
regex==2026.7.19
requests==2.34.2
safetensors==0.8.0
scikit-learn==1.9.0
scipy==1.17.1
sentence-transformers==5.7.0
setfit==1.1.3
six==1.17.0
starlette==1.6.0
sympy==1.14.0
threadpoolctl==3.6.0
tokenizers==0.22.2
torch==2.9.1
tqdm==4.70.0
transformers==4.57.6
typing-inspection==0.4.4
typing_extensions==4.16.0
urllib3==2.7.0
uvicorn==0.52.4
uvloop==0.22.1
watchfiles==1.2.0
websockets==17.0.1
xxhash==4.0.1
yarl==1.24.5
